
Microsoft Visual Studio Solution File, Format Version 10.00
# Visual Web Developer Express 2008
Project("{E24C65DC-7377-472B-9ABA-BC803B73C61A}") = "Songs", ".", "{26D360B1-5616-4E4F-BE2F-F93BD4E2FCD7}"
	ProjectSection(WebsiteProperties) = preProject
		TargetFramework = "3.5"
		Debug.AspNetCompiler.VirtualPath = "/Songs"
		Debug.AspNetCompiler.PhysicalPath = "..\Songs\"
		Debug.AspNetCompiler.TargetPath = "PrecompiledWeb\Songs\"
		Debug.AspNetCompiler.Updateable = "true"
		Debug.AspNetCompiler.ForceOverwrite = "true"
		Debug.AspNetCompiler.FixedNames = "false"
		Debug.AspNetCompiler.Debug = "True"
		Release.AspNetCompiler.VirtualPath = "/Songs"
		Release.AspNetCompiler.PhysicalPath = "..\Songs\"
		Release.AspNetCompiler.TargetPath = "PrecompiledWeb\Songs\"
		Release.AspNetCompiler.Updateable = "true"
		Release.AspNetCompiler.ForceOverwrite = "true"
		Release.AspNetCompiler.FixedNames = "false"
		Release.AspNetCompiler.Debug = "False"
		VWDPort = "2805"
	EndProjectSection
EndProject
Global
	GlobalSection(SolutionConfigurationPlatforms) = preSolution
		Debug|Any CPU = Debug|Any CPU
	EndGlobalSection
	GlobalSection(ProjectConfigurationPlatforms) = postSolution
		{26D360B1-5616-4E4F-BE2F-F93BD4E2FCD7}.Debug|Any CPU.ActiveCfg = Debug|Any CPU
		{26D360B1-5616-4E4F-BE2F-F93BD4E2FCD7}.Debug|Any CPU.Build.0 = Debug|Any CPU
	EndGlobalSection
	GlobalSection(SolutionProperties) = preSolution
		HideSolutionNode = FALSE
	EndGlobalSection
EndGlobal
