
Microsoft Visual Studio Solution File, Format Version 10.00
# Visual C++ Express 2008
Project("{8BC9CEB8-8B4A-11D0-8D11-00A0C91BC942}") = "TED", "TED\TED.vcproj", "{33CD187F-964F-48C1-B63B-DCCF20F6BBC6}"
EndProject
Global
	GlobalSection(SolutionConfigurationPlatforms) = preSolution
		Debug|Win32 = Debug|Win32
		Release|Win32 = Release|Win32
	EndGlobalSection
	GlobalSection(ProjectConfigurationPlatforms) = postSolution
		{33CD187F-964F-48C1-B63B-DCCF20F6BBC6}.Debug|Win32.ActiveCfg = Debug|Win32
		{33CD187F-964F-48C1-B63B-DCCF20F6BBC6}.Debug|Win32.Build.0 = Debug|Win32
		{33CD187F-964F-48C1-B63B-DCCF20F6BBC6}.Release|Win32.ActiveCfg = Release|Win32
		{33CD187F-964F-48C1-B63B-DCCF20F6BBC6}.Release|Win32.Build.0 = Release|Win32
	EndGlobalSection
	GlobalSection(SolutionProperties) = preSolution
		HideSolutionNode = FALSE
	EndGlobalSection
EndGlobal
